<?xml version="1.0" encoding="utf-8"?>
<Project ToolsVersion="4.0" xmlns="http://schemas.microsoft.com/developer/msbuild/2003">
  <ItemGroup>
    <Filter Include="Source Files">
      <UniqueIdentifier>{4FC737F1-C7A5-4376-A066-2A32D752A2FF}</UniqueIdentifier>
      <Extensions>qml;cpp;c;cc;cxx;def;odl;idl;hpj;bat;asm;asmx</Extensions>
    </Filter>
    <Filter Include="Header Files">
      <UniqueIdentifier>{93995380-89BD-4b04-88EB-625FBE52EBFB}</UniqueIdentifier>
      <Extensions>h;hh;hpp;hxx;hm;inl;inc;xsd</Extensions>
    </Filter>
    <Filter Include="Resource Files">
      <UniqueIdentifier>{67DA6AB6-F800-4c08-8B7A-83BB121AAD01}</UniqueIdentifier>
      <Extensions>qrc;rc;ico;cur;bmp;dlg;rc2;rct;bin;rgs;gif;jpg;jpeg;jpe;resx;tiff;tif;png;wav;mfcribbon-ms</Extensions>
    </Filter>
    <Filter Include="Form Files">
      <UniqueIdentifier>{99349809-55BA-4b9d-BF79-8FDBB0286EB3}</UniqueIdentifier>
      <Extensions>ui</Extensions>
    </Filter>
    <Filter Include="Translation Files">
      <UniqueIdentifier>{639EADAA-A684-42e4-A9AD-28FC9BCB8F7C}</UniqueIdentifier>
      <Extensions>ts</Extensions>
    </Filter>
    <Filter Include="Tools">
      <UniqueIdentifier>{ee76b9c0-ceae-4b43-a734-a843f5d894e8}</UniqueIdentifier>
    </Filter>
    <Filter Include="Wnds">
      <UniqueIdentifier>{5629b70d-745d-4155-aa90-ba07f919a954}</UniqueIdentifier>
    </Filter>
    <Filter Include="tts">
      <UniqueIdentifier>{2c43e367-d07a-433c-99d4-71f6d9127694}</UniqueIdentifier>
    </Filter>
    <Filter Include="Net">
      <UniqueIdentifier>{281ac63f-4fa3-4fab-8ed6-a05807d921d6}</UniqueIdentifier>
    </Filter>
  </ItemGroup>
  <ItemGroup>
    <QtRcc Include="AutoMainWnd.qrc">
      <Filter>Resource Files</Filter>
    </QtRcc>
    <QtUic Include="AutoMainWnd.ui">
      <Filter>Form Files</Filter>
    </QtUic>
  </ItemGroup>
  <ItemGroup>
    <ClCompile Include="main.cpp">
      <Filter>Source Files</Filter>
    </ClCompile>
    <ClCompile Include="Tools\rechelper.cpp">
      <Filter>Tools</Filter>
    </ClCompile>
    <ClCompile Include="Tools\Tools.cpp">
      <Filter>Tools</Filter>
    </ClCompile>
    <ClCompile Include="Tools\wavhelper.cpp">
      <Filter>Tools</Filter>
    </ClCompile>
    <ClCompile Include="Tools\WTInit.cpp">
      <Filter>Tools</Filter>
    </ClCompile>
    <ClCompile Include="AutoMainWnd.cpp">
      <Filter>Wnds</Filter>
    </ClCompile>
    <ClCompile Include="CLineComboxComplete.cpp">
      <Filter>Wnds</Filter>
    </ClCompile>
    <ClCompile Include="TempWnd.cpp">
      <Filter>Wnds</Filter>
    </ClCompile>
    <ClCompile Include="TTSHelper.cpp">
      <Filter>tts</Filter>
    </ClCompile>
    <ClCompile Include="Net\HvNetManager.cpp">
      <Filter>Net</Filter>
    </ClCompile>
    <ClCompile Include="Tools\CodeTool.cpp">
      <Filter>Tools</Filter>
    </ClCompile>
    <ClCompile Include="Net\HvWebsocketManager.cpp">
      <Filter>Net</Filter>
    </ClCompile>
  </ItemGroup>
  <ItemGroup>
    <ClInclude Include="Tools\PathHelper.h">
      <Filter>Tools</Filter>
    </ClInclude>
    <ClInclude Include="Tools\rechelper.h">
      <Filter>Tools</Filter>
    </ClInclude>
    <ClInclude Include="Tools\Tools.h">
      <Filter>Tools</Filter>
    </ClInclude>
    <ClInclude Include="Tools\wavhelper.h">
      <Filter>Tools</Filter>
    </ClInclude>
    <ClInclude Include="Tools\WTInit.h">
      <Filter>Tools</Filter>
    </ClInclude>
    <ClInclude Include="stdafx.h">
      <Filter>Header Files</Filter>
    </ClInclude>
    <ClInclude Include="resource.h">
      <Filter>Header Files</Filter>
    </ClInclude>
    <ClInclude Include="TTSHelper.h">
      <Filter>tts</Filter>
    </ClInclude>
    <ClInclude Include="Net\HvNetManager.h">
      <Filter>Net</Filter>
    </ClInclude>
    <ClInclude Include="Tools\CodeTool.h">
      <Filter>Tools</Filter>
    </ClInclude>
  </ItemGroup>
  <ItemGroup>
    <QtMoc Include="AutoMainWnd.h">
      <Filter>Wnds</Filter>
    </QtMoc>
    <QtMoc Include="CLineComboxComplete.h">
      <Filter>Wnds</Filter>
    </QtMoc>
    <QtMoc Include="TempWnd.h">
      <Filter>Wnds</Filter>
    </QtMoc>
    <QtMoc Include="Net\HvWebsocketManager.h">
      <Filter>Net</Filter>
    </QtMoc>
  </ItemGroup>
  <ItemGroup>
    <QtUic Include="CLineComboxComplete.ui">
      <Filter>Form Files</Filter>
    </QtUic>
    <QtUic Include="TempWnd.ui">
      <Filter>Form Files</Filter>
    </QtUic>
  </ItemGroup>
  <ItemGroup>
    <ResourceCompile Include="auto.rc">
      <Filter>Resource Files</Filter>
    </ResourceCompile>
  </ItemGroup>
  <ItemGroup>
    <Image Include="auto.ico">
      <Filter>Resource Files</Filter>
    </Image>
  </ItemGroup>
</Project>